
Microsoft Visual Studio Solution File, Format Version 12.00
# Visual Studio 14
VisualStudioVersion = 14.0.24720.0
MinimumVisualStudioVersion = 10.0.40219.1
Project("{F2A71F9B-5D33-465A-A702-920D77279786}") = "DataStructure", "Data Structures\DataStructure.fsproj", "{7292770B-58B1-48D2-8495-7F71F75F65B7}"
EndProject
Project("{F2A71F9B-5D33-465A-A702-920D77279786}") = "DataStructure.Tests", "DataStructure.Tests\DataStructure.Tests.fsproj", "{5731BB4D-4598-4867-9429-3A9398B425DA}"
EndProject
Global
	GlobalSection(SolutionConfigurationPlatforms) = preSolution
		Debug|Any CPU = Debug|Any CPU
		Release|Any CPU = Release|Any CPU
	EndGlobalSection
	GlobalSection(ProjectConfigurationPlatforms) = postSolution
		{7292770B-58B1-48D2-8495-7F71F75F65B7}.Debug|Any CPU.ActiveCfg = Debug|Any CPU
		{7292770B-58B1-48D2-8495-7F71F75F65B7}.Debug|Any CPU.Build.0 = Debug|Any CPU
		{7292770B-58B1-48D2-8495-7F71F75F65B7}.Release|Any CPU.ActiveCfg = Release|Any CPU
		{7292770B-58B1-48D2-8495-7F71F75F65B7}.Release|Any CPU.Build.0 = Release|Any CPU
		{5731BB4D-4598-4867-9429-3A9398B425DA}.Debug|Any CPU.ActiveCfg = Debug|Any CPU
		{5731BB4D-4598-4867-9429-3A9398B425DA}.Debug|Any CPU.Build.0 = Debug|Any CPU
		{5731BB4D-4598-4867-9429-3A9398B425DA}.Release|Any CPU.ActiveCfg = Release|Any CPU
		{5731BB4D-4598-4867-9429-3A9398B425DA}.Release|Any CPU.Build.0 = Release|Any CPU
	EndGlobalSection
	GlobalSection(SolutionProperties) = preSolution
		HideSolutionNode = FALSE
	EndGlobalSection
EndGlobal
